// !$*UTF8*$!
{
	archiveVersion = 1;
	classes = {
	};
	objectVersion = 55;
	objects = {

/* Begin PBXBuildFile section */
		D6EF48422737B52B00CEDCA9 /* AppDelegate.swift in Sources */ = {isa = PBXBuildFile; fileRef = D6EF48412737B52B00CEDCA9 /* AppDelegate.swift */; };
		D6EF48442737B52B00CEDCA9 /* SceneDelegate.swift in Sources */ = {isa = PBXBuildFile; fileRef = D6EF48432737B52B00CEDCA9 /* SceneDelegate.swift */; };
		D6EF48472737B52B00CEDCA9 /* LaunchScreen.storyboard in Resources */ = {isa = PBXBuildFile; fileRef = D6EF48452737B52B00CEDCA9 /* LaunchScreen.storyboard */; };
		D6EF484A2737B52B00CEDCA9 /* Main.storyboard in Resources */ = {isa = PBXBuildFile; fileRef = D6EF48482737B52B00CEDCA9 /* Main.storyboard */; };
		D6EF48532737B52B00CEDCA9 /* AppDelegate.swift in Sources */ = {isa = PBXBuildFile; fileRef = D6EF48522737B52B00CEDCA9 /* AppDelegate.swift */; };
		D6EF48562737B52B00CEDCA9 /* Main.storyboard in Resources */ = {isa = PBXBuildFile; fileRef = D6EF48542737B52B00CEDCA9 /* Main.storyboard */; };
		D6EF485D2737B52B00CEDCA9 /* Gitpod Extension.appex in Embed App Extensions */ = {isa = PBXBuildFile; fileRef = D6EF485C2737B52B00CEDCA9 /* Gitpod Extension.appex */; settings = {ATTRIBUTES = (RemoveHeadersOnCopy, ); }; };
		D6EF48672737B52B00CEDCA9 /* Gitpod Extension.appex in Embed App Extensions */ = {isa = PBXBuildFile; fileRef = D6EF48662737B52B00CEDCA9 /* Gitpod Extension.appex */; settings = {ATTRIBUTES = (RemoveHeadersOnCopy, ); }; };
		D6EF486D2737B52B00CEDCA9 /* Main.html in Resources */ = {isa = PBXBuildFile; fileRef = D6EF48282737B52A00CEDCA9 /* Main.html */; };
		D6EF486E2737B52B00CEDCA9 /* Main.html in Resources */ = {isa = PBXBuildFile; fileRef = D6EF48282737B52A00CEDCA9 /* Main.html */; };
		D6EF486F2737B52B00CEDCA9 /* Icon.png in Resources */ = {isa = PBXBuildFile; fileRef = D6EF482A2737B52A00CEDCA9 /* Icon.png */; };
		D6EF48702737B52B00CEDCA9 /* Icon.png in Resources */ = {isa = PBXBuildFile; fileRef = D6EF482A2737B52A00CEDCA9 /* Icon.png */; };
		D6EF48712737B52B00CEDCA9 /* Style.css in Resources */ = {isa = PBXBuildFile; fileRef = D6EF482B2737B52A00CEDCA9 /* Style.css */; };
		D6EF48722737B52B00CEDCA9 /* Style.css in Resources */ = {isa = PBXBuildFile; fileRef = D6EF482B2737B52A00CEDCA9 /* Style.css */; };
		D6EF48732737B52B00CEDCA9 /* Script.js in Resources */ = {isa = PBXBuildFile; fileRef = D6EF482C2737B52A00CEDCA9 /* Script.js */; };
		D6EF48742737B52B00CEDCA9 /* Script.js in Resources */ = {isa = PBXBuildFile; fileRef = D6EF482C2737B52A00CEDCA9 /* Script.js */; };
		D6EF48752737B52B00CEDCA9 /* ViewController.swift in Sources */ = {isa = PBXBuildFile; fileRef = D6EF482D2737B52A00CEDCA9 /* ViewController.swift */; };
		D6EF48762737B52B00CEDCA9 /* ViewController.swift in Sources */ = {isa = PBXBuildFile; fileRef = D6EF482D2737B52A00CEDCA9 /* ViewController.swift */; };
		D6EF48772737B52B00CEDCA9 /* Assets.xcassets in Resources */ = {isa = PBXBuildFile; fileRef = D6EF482E2737B52B00CEDCA9 /* Assets.xcassets */; };
		D6EF48782737B52B00CEDCA9 /* Assets.xcassets in Resources */ = {isa = PBXBuildFile; fileRef = D6EF482E2737B52B00CEDCA9 /* Assets.xcassets */; };
		D6EF48792737B52B00CEDCA9 /* SafariWebExtensionHandler.swift in Sources */ = {isa = PBXBuildFile; fileRef = D6EF48302737B52B00CEDCA9 /* SafariWebExtensionHandler.swift */; };
		D6EF487A2737B52B00CEDCA9 /* SafariWebExtensionHandler.swift in Sources */ = {isa = PBXBuildFile; fileRef = D6EF48302737B52B00CEDCA9 /* SafariWebExtensionHandler.swift */; };
		D6EF487B2737B52B00CEDCA9 /* _locales in Resources */ = {isa = PBXBuildFile; fileRef = D6EF48322737B52B00CEDCA9 /* _locales */; };
		D6EF487C2737B52B00CEDCA9 /* _locales in Resources */ = {isa = PBXBuildFile; fileRef = D6EF48322737B52B00CEDCA9 /* _locales */; };
		D6EF487D2737B52B00CEDCA9 /* images in Resources */ = {isa = PBXBuildFile; fileRef = D6EF48332737B52B00CEDCA9 /* images */; };
		D6EF487E2737B52B00CEDCA9 /* images in Resources */ = {isa = PBXBuildFile; fileRef = D6EF48332737B52B00CEDCA9 /* images */; };
		D6EF487F2737B52B00CEDCA9 /* manifest.json in Resources */ = {isa = PBXBuildFile; fileRef = D6EF48342737B52B00CEDCA9 /* manifest.json */; };
		D6EF48802737B52B00CEDCA9 /* manifest.json in Resources */ = {isa = PBXBuildFile; fileRef = D6EF48342737B52B00CEDCA9 /* manifest.json */; };
		D6EF48812737B52B00CEDCA9 /* background.js in Resources */ = {isa = PBXBuildFile; fileRef = D6EF48352737B52B00CEDCA9 /* background.js */; };
		D6EF48822737B52B00CEDCA9 /* background.js in Resources */ = {isa = PBXBuildFile; fileRef = D6EF48352737B52B00CEDCA9 /* background.js */; };
		D6EF48832737B52B00CEDCA9 /* content.js in Resources */ = {isa = PBXBuildFile; fileRef = D6EF48362737B52B00CEDCA9 /* content.js */; };
		D6EF48842737B52B00CEDCA9 /* content.js in Resources */ = {isa = PBXBuildFile; fileRef = D6EF48362737B52B00CEDCA9 /* content.js */; };
		D6EF48852737B52B00CEDCA9 /* popup.html in Resources */ = {isa = PBXBuildFile; fileRef = D6EF48372737B52B00CEDCA9 /* popup.html */; };
		D6EF48862737B52B00CEDCA9 /* popup.html in Resources */ = {isa = PBXBuildFile; fileRef = D6EF48372737B52B00CEDCA9 /* popup.html */; };
		D6EF48872737B52B00CEDCA9 /* popup.css in Resources */ = {isa = PBXBuildFile; fileRef = D6EF48382737B52B00CEDCA9 /* popup.css */; };
		D6EF48882737B52B00CEDCA9 /* popup.css in Resources */ = {isa = PBXBuildFile; fileRef = D6EF48382737B52B00CEDCA9 /* popup.css */; };
		D6EF48892737B52B00CEDCA9 /* popup.js in Resources */ = {isa = PBXBuildFile; fileRef = D6EF48392737B52B00CEDCA9 /* popup.js */; };
		D6EF488A2737B52B00CEDCA9 /* popup.js in Resources */ = {isa = PBXBuildFile; fileRef = D6EF48392737B52B00CEDCA9 /* popup.js */; };
/* End PBXBuildFile section */

/* Begin PBXContainerItemProxy section */
		D6EF485E2737B52B00CEDCA9 /* PBXContainerItemProxy */ = {
			isa = PBXContainerItemProxy;
			containerPortal = D6EF48222737B52A00CEDCA9 /* Project object */;
			proxyType = 1;
			remoteGlobalIDString = D6EF485B2737B52B00CEDCA9;
			remoteInfo = "Gitpod Extension (iOS)";
		};
		D6EF48682737B52B00CEDCA9 /* PBXContainerItemProxy */ = {
			isa = PBXContainerItemProxy;
			containerPortal = D6EF48222737B52A00CEDCA9 /* Project object */;
			proxyType = 1;
			remoteGlobalIDString = D6EF48652737B52B00CEDCA9;
			remoteInfo = "Gitpod Extension (macOS)";
		};
/* End PBXContainerItemProxy section */

/* Begin PBXCopyFilesBuildPhase section */
		D6EF48902737B52B00CEDCA9 /* Embed App Extensions */ = {
			isa = PBXCopyFilesBuildPhase;
			buildActionMask = 2147483647;
			dstPath = "";
			dstSubfolderSpec = 13;
			files = (
				D6EF485D2737B52B00CEDCA9 /* Gitpod Extension.appex in Embed App Extensions */,
			);
			name = "Embed App Extensions";
			runOnlyForDeploymentPostprocessing = 0;
		};
		D6EF48972737B52B00CEDCA9 /* Embed App Extensions */ = {
			isa = PBXCopyFilesBuildPhase;
			buildActionMask = 2147483647;
			dstPath = "";
			dstSubfolderSpec = 13;
			files = (
				D6EF48672737B52B00CEDCA9 /* Gitpod Extension.appex in Embed App Extensions */,
			);
			name = "Embed App Extensions";
			runOnlyForDeploymentPostprocessing = 0;
		};
/* End PBXCopyFilesBuildPhase section */

/* Begin PBXFileReference section */
		D6EF48292737B52A00CEDCA9 /* Base */ = {isa = PBXFileReference; lastKnownFileType = text.html; name = Base; path = ../Base.lproj/Main.html; sourceTree = "<group>"; };
		D6EF482A2737B52A00CEDCA9 /* Icon.png */ = {isa = PBXFileReference; lastKnownFileType = image.png; path = Icon.png; sourceTree = "<group>"; };
		D6EF482B2737B52A00CEDCA9 /* Style.css */ = {isa = PBXFileReference; lastKnownFileType = text.css; path = Style.css; sourceTree = "<group>"; };
		D6EF482C2737B52A00CEDCA9 /* Script.js */ = {isa = PBXFileReference; lastKnownFileType = sourcecode.javascript; path = Script.js; sourceTree = "<group>"; };
		D6EF482D2737B52A00CEDCA9 /* ViewController.swift */ = {isa = PBXFileReference; lastKnownFileType = sourcecode.swift; path = ViewController.swift; sourceTree = "<group>"; };
		D6EF482E2737B52B00CEDCA9 /* Assets.xcassets */ = {isa = PBXFileReference; lastKnownFileType = folder.assetcatalog; path = Assets.xcassets; sourceTree = "<group>"; };
		D6EF48302737B52B00CEDCA9 /* SafariWebExtensionHandler.swift */ = {isa = PBXFileReference; lastKnownFileType = sourcecode.swift; path = SafariWebExtensionHandler.swift; sourceTree = "<group>"; };
		D6EF48322737B52B00CEDCA9 /* _locales */ = {isa = PBXFileReference; lastKnownFileType = folder; path = _locales; sourceTree = "<group>"; };
		D6EF48332737B52B00CEDCA9 /* images */ = {isa = PBXFileReference; lastKnownFileType = folder; path = images; sourceTree = "<group>"; };
		D6EF48342737B52B00CEDCA9 /* manifest.json */ = {isa = PBXFileReference; lastKnownFileType = text.json; path = manifest.json; sourceTree = "<group>"; };
		D6EF48352737B52B00CEDCA9 /* background.js */ = {isa = PBXFileReference; lastKnownFileType = sourcecode.javascript; path = background.js; sourceTree = "<group>"; };
		D6EF48362737B52B00CEDCA9 /* content.js */ = {isa = PBXFileReference; lastKnownFileType = sourcecode.javascript; path = content.js; sourceTree = "<group>"; };
		D6EF48372737B52B00CEDCA9 /* popup.html */ = {isa = PBXFileReference; lastKnownFileType = text.html; path = popup.html; sourceTree = "<group>"; };
		D6EF48382737B52B00CEDCA9 /* popup.css */ = {isa = PBXFileReference; lastKnownFileType = text.css; path = popup.css; sourceTree = "<group>"; };
		D6EF48392737B52B00CEDCA9 /* popup.js */ = {isa = PBXFileReference; lastKnownFileType = sourcecode.javascript; path = popup.js; sourceTree = "<group>"; };
		D6EF483E2737B52B00CEDCA9 /* Gitpod.app */ = {isa = PBXFileReference; explicitFileType = wrapper.application; includeInIndex = 0; path = Gitpod.app; sourceTree = BUILT_PRODUCTS_DIR; };
		D6EF48412737B52B00CEDCA9 /* AppDelegate.swift */ = {isa = PBXFileReference; lastKnownFileType = sourcecode.swift; path = AppDelegate.swift; sourceTree = "<group>"; };
		D6EF48432737B52B00CEDCA9 /* SceneDelegate.swift */ = {isa = PBXFileReference; lastKnownFileType = sourcecode.swift; path = SceneDelegate.swift; sourceTree = "<group>"; };
		D6EF48462737B52B00CEDCA9 /* Base */ = {isa = PBXFileReference; lastKnownFileType = file.storyboard; name = Base; path = Base.lproj/LaunchScreen.storyboard; sourceTree = "<group>"; };
		D6EF48492737B52B00CEDCA9 /* Base */ = {isa = PBXFileReference; lastKnownFileType = file.storyboard; name = Base; path = Base.lproj/Main.storyboard; sourceTree = "<group>"; };
		D6EF484B2737B52B00CEDCA9 /* Info.plist */ = {isa = PBXFileReference; lastKnownFileType = text.plist.xml; path = Info.plist; sourceTree = "<group>"; };
		D6EF48502737B52B00CEDCA9 /* Gitpod.app */ = {isa = PBXFileReference; explicitFileType = wrapper.application; includeInIndex = 0; path = Gitpod.app; sourceTree = BUILT_PRODUCTS_DIR; };
		D6EF48522737B52B00CEDCA9 /* AppDelegate.swift */ = {isa = PBXFileReference; lastKnownFileType = sourcecode.swift; path = AppDelegate.swift; sourceTree = "<group>"; };
		D6EF48552737B52B00CEDCA9 /* Base */ = {isa = PBXFileReference; lastKnownFileType = file.storyboard; name = Base; path = Base.lproj/Main.storyboard; sourceTree = "<group>"; };
		D6EF48572737B52B00CEDCA9 /* Gitpod.entitlements */ = {isa = PBXFileReference; lastKnownFileType = text.plist.entitlements; path = Gitpod.entitlements; sourceTree = "<group>"; };
		D6EF485C2737B52B00CEDCA9 /* Gitpod Extension.appex */ = {isa = PBXFileReference; explicitFileType = "wrapper.app-extension"; includeInIndex = 0; path = "Gitpod Extension.appex"; sourceTree = BUILT_PRODUCTS_DIR; };
		D6EF48612737B52B00CEDCA9 /* Info.plist */ = {isa = PBXFileReference; lastKnownFileType = text.plist.xml; path = Info.plist; sourceTree = "<group>"; };
		D6EF48662737B52B00CEDCA9 /* Gitpod Extension.appex */ = {isa = PBXFileReference; explicitFileType = "wrapper.app-extension"; includeInIndex = 0; path = "Gitpod Extension.appex"; sourceTree = BUILT_PRODUCTS_DIR; };
		D6EF486B2737B52B00CEDCA9 /* Info.plist */ = {isa = PBXFileReference; lastKnownFileType = text.plist.xml; path = Info.plist; sourceTree = "<group>"; };
		D6EF486C2737B52B00CEDCA9 /* Gitpod.entitlements */ = {isa = PBXFileReference; lastKnownFileType = text.plist.entitlements; path = Gitpod.entitlements; sourceTree = "<group>"; };
/* End PBXFileReference section */

/* Begin PBXFrameworksBuildPhase section */
		D6EF483B2737B52B00CEDCA9 /* Frameworks */ = {
			isa = PBXFrameworksBuildPhase;
			buildActionMask = 2147483647;
			files = (
			);
			runOnlyForDeploymentPostprocessing = 0;
		};
		D6EF484D2737B52B00CEDCA9 /* Frameworks */ = {
			isa = PBXFrameworksBuildPhase;
			buildActionMask = 2147483647;
			files = (
			);
			runOnlyForDeploymentPostprocessing = 0;
		};
		D6EF48592737B52B00CEDCA9 /* Frameworks */ = {
			isa = PBXFrameworksBuildPhase;
			buildActionMask = 2147483647;
			files = (
			);
			runOnlyForDeploymentPostprocessing = 0;
		};
		D6EF48632737B52B00CEDCA9 /* Frameworks */ = {
			isa = PBXFrameworksBuildPhase;
			buildActionMask = 2147483647;
			files = (
			);
			runOnlyForDeploymentPostprocessing = 0;
		};
/* End PBXFrameworksBuildPhase section */

/* Begin PBXGroup section */
		D6EF48212737B52A00CEDCA9 = {
			isa = PBXGroup;
			children = (
				D6EF48262737B52A00CEDCA9 /* Shared (App) */,
				D6EF482F2737B52B00CEDCA9 /* Shared (Extension) */,
				D6EF48402737B52B00CEDCA9 /* iOS (App) */,
				D6EF48512737B52B00CEDCA9 /* macOS (App) */,
				D6EF48602737B52B00CEDCA9 /* iOS (Extension) */,
				D6EF486A2737B52B00CEDCA9 /* macOS (Extension) */,
				D6EF483F2737B52B00CEDCA9 /* Products */,
			);
			sourceTree = "<group>";
		};
		D6EF48262737B52A00CEDCA9 /* Shared (App) */ = {
			isa = PBXGroup;
			children = (
				D6EF482D2737B52A00CEDCA9 /* ViewController.swift */,
				D6EF482E2737B52B00CEDCA9 /* Assets.xcassets */,
				D6EF48272737B52A00CEDCA9 /* Resources */,
			);
			path = "Shared (App)";
			sourceTree = "<group>";
		};
		D6EF48272737B52A00CEDCA9 /* Resources */ = {
			isa = PBXGroup;
			children = (
				D6EF48282737B52A00CEDCA9 /* Main.html */,
				D6EF482A2737B52A00CEDCA9 /* Icon.png */,
				D6EF482B2737B52A00CEDCA9 /* Style.css */,
				D6EF482C2737B52A00CEDCA9 /* Script.js */,
			);
			path = Resources;
			sourceTree = "<group>";
		};
		D6EF482F2737B52B00CEDCA9 /* Shared (Extension) */ = {
			isa = PBXGroup;
			children = (
				D6EF48302737B52B00CEDCA9 /* SafariWebExtensionHandler.swift */,
				D6EF48312737B52B00CEDCA9 /* Resources */,
			);
			path = "Shared (Extension)";
			sourceTree = "<group>";
		};
		D6EF48312737B52B00CEDCA9 /* Resources */ = {
			isa = PBXGroup;
			children = (
				D6EF48322737B52B00CEDCA9 /* _locales */,
				D6EF48332737B52B00CEDCA9 /* images */,
				D6EF48342737B52B00CEDCA9 /* manifest.json */,
				D6EF48352737B52B00CEDCA9 /* background.js */,
				D6EF48362737B52B00CEDCA9 /* content.js */,
				D6EF48372737B52B00CEDCA9 /* popup.html */,
				D6EF48382737B52B00CEDCA9 /* popup.css */,
				D6EF48392737B52B00CEDCA9 /* popup.js */,
			);
			path = Resources;
			sourceTree = "<group>";
		};
		D6EF483F2737B52B00CEDCA9 /* Products */ = {
			isa = PBXGroup;
			children = (
				D6EF483E2737B52B00CEDCA9 /* Gitpod.app */,
				D6EF48502737B52B00CEDCA9 /* Gitpod.app */,
				D6EF485C2737B52B00CEDCA9 /* Gitpod Extension.appex */,
				D6EF48662737B52B00CEDCA9 /* Gitpod Extension.appex */,
			);
			name = Products;
			sourceTree = "<group>";
		};
		D6EF48402737B52B00CEDCA9 /* iOS (App) */ = {
			isa = PBXGroup;
			children = (
				D6EF48412737B52B00CEDCA9 /* AppDelegate.swift */,
				D6EF48432737B52B00CEDCA9 /* SceneDelegate.swift */,
				D6EF48452737B52B00CEDCA9 /* LaunchScreen.storyboard */,
				D6EF48482737B52B00CEDCA9 /* Main.storyboard */,
				D6EF484B2737B52B00CEDCA9 /* Info.plist */,
			);
			path = "iOS (App)";
			sourceTree = "<group>";
		};
		D6EF48512737B52B00CEDCA9 /* macOS (App) */ = {
			isa = PBXGroup;
			children = (
				D6EF48522737B52B00CEDCA9 /* AppDelegate.swift */,
				D6EF48542737B52B00CEDCA9 /* Main.storyboard */,
				D6EF48572737B52B00CEDCA9 /* Gitpod.entitlements */,
			);
			path = "macOS (App)";
			sourceTree = "<group>";
		};
		D6EF48602737B52B00CEDCA9 /* iOS (Extension) */ = {
			isa = PBXGroup;
			children = (
				D6EF48612737B52B00CEDCA9 /* Info.plist */,
			);
			path = "iOS (Extension)";
			sourceTree = "<group>";
		};
		D6EF486A2737B52B00CEDCA9 /* macOS (Extension) */ = {
			isa = PBXGroup;
			children = (
				D6EF486B2737B52B00CEDCA9 /* Info.plist */,
				D6EF486C2737B52B00CEDCA9 /* Gitpod.entitlements */,
			);
			path = "macOS (Extension)";
			sourceTree = "<group>";
		};
/* End PBXGroup section */

/* Begin PBXNativeTarget section */
		D6EF483D2737B52B00CEDCA9 /* Gitpod (iOS) */ = {
			isa = PBXNativeTarget;
			buildConfigurationList = D6EF48912737B52B00CEDCA9 /* Build configuration list for PBXNativeTarget "Gitpod (iOS)" */;
			buildPhases = (
				D6EF483A2737B52B00CEDCA9 /* Sources */,
				D6EF483B2737B52B00CEDCA9 /* Frameworks */,
				D6EF483C2737B52B00CEDCA9 /* Resources */,
				D6EF48902737B52B00CEDCA9 /* Embed App Extensions */,
			);
			buildRules = (
			);
			dependencies = (
				D6EF485F2737B52B00CEDCA9 /* PBXTargetDependency */,
			);
			name = "Gitpod (iOS)";
			productName = "Gitpod (iOS)";
			productReference = D6EF483E2737B52B00CEDCA9 /* Gitpod.app */;
			productType = "com.apple.product-type.application";
		};
		D6EF484F2737B52B00CEDCA9 /* Gitpod (macOS) */ = {
			isa = PBXNativeTarget;
			buildConfigurationList = D6EF48982737B52B00CEDCA9 /* Build configuration list for PBXNativeTarget "Gitpod (macOS)" */;
			buildPhases = (
				D6EF484C2737B52B00CEDCA9 /* Sources */,
				D6EF484D2737B52B00CEDCA9 /* Frameworks */,
				D6EF484E2737B52B00CEDCA9 /* Resources */,
				D6EF48972737B52B00CEDCA9 /* Embed App Extensions */,
			);
			buildRules = (
			);
			dependencies = (
				D6EF48692737B52B00CEDCA9 /* PBXTargetDependency */,
			);
			name = "Gitpod (macOS)";
			productName = "Gitpod (macOS)";
			productReference = D6EF48502737B52B00CEDCA9 /* Gitpod.app */;
			productType = "com.apple.product-type.application";
		};
		D6EF485B2737B52B00CEDCA9 /* Gitpod Extension (iOS) */ = {
			isa = PBXNativeTarget;
			buildConfigurationList = D6EF488D2737B52B00CEDCA9 /* Build configuration list for PBXNativeTarget "Gitpod Extension (iOS)" */;
			buildPhases = (
				D6EF48582737B52B00CEDCA9 /* Sources */,
				D6EF48592737B52B00CEDCA9 /* Frameworks */,
				D6EF485A2737B52B00CEDCA9 /* Resources */,
			);
			buildRules = (
			);
			dependencies = (
			);
			name = "Gitpod Extension (iOS)";
			productName = "Gitpod Extension (iOS)";
			productReference = D6EF485C2737B52B00CEDCA9 /* Gitpod Extension.appex */;
			productType = "com.apple.product-type.app-extension";
		};
		D6EF48652737B52B00CEDCA9 /* Gitpod Extension (macOS) */ = {
			isa = PBXNativeTarget;
			buildConfigurationList = D6EF48942737B52B00CEDCA9 /* Build configuration list for PBXNativeTarget "Gitpod Extension (macOS)" */;
			buildPhases = (
				D6EF48622737B52B00CEDCA9 /* Sources */,
				D6EF48632737B52B00CEDCA9 /* Frameworks */,
				D6EF48642737B52B00CEDCA9 /* Resources */,
			);
			buildRules = (
			);
			dependencies = (
			);
			name = "Gitpod Extension (macOS)";
			productName = "Gitpod Extension (macOS)";
			productReference = D6EF48662737B52B00CEDCA9 /* Gitpod Extension.appex */;
			productType = "com.apple.product-type.app-extension";
		};
/* End PBXNativeTarget section */

/* Begin PBXProject section */
		D6EF48222737B52A00CEDCA9 /* Project object */ = {
			isa = PBXProject;
			attributes = {
				BuildIndependentTargetsInParallel = 1;
				LastSwiftUpdateCheck = 1310;
				LastUpgradeCheck = 1310;
				TargetAttributes = {
					D6EF483D2737B52B00CEDCA9 = {
						CreatedOnToolsVersion = 13.1;
					};
					D6EF484F2737B52B00CEDCA9 = {
						CreatedOnToolsVersion = 13.1;
					};
					D6EF485B2737B52B00CEDCA9 = {
						CreatedOnToolsVersion = 13.1;
					};
					D6EF48652737B52B00CEDCA9 = {
						CreatedOnToolsVersion = 13.1;
					};
				};
			};
			buildConfigurationList = D6EF48252737B52A00CEDCA9 /* Build configuration list for PBXProject "Gitpod" */;
			compatibilityVersion = "Xcode 13.0";
			developmentRegion = en;
			hasScannedForEncodings = 0;
			knownRegions = (
				en,
				Base,
			);
			mainGroup = D6EF48212737B52A00CEDCA9;
			productRefGroup = D6EF483F2737B52B00CEDCA9 /* Products */;
			projectDirPath = "";
			projectRoot = "";
			targets = (
				D6EF483D2737B52B00CEDCA9 /* Gitpod (iOS) */,
				D6EF484F2737B52B00CEDCA9 /* Gitpod (macOS) */,
				D6EF485B2737B52B00CEDCA9 /* Gitpod Extension (iOS) */,
				D6EF48652737B52B00CEDCA9 /* Gitpod Extension (macOS) */,
			);
		};
/* End PBXProject section */

/* Begin PBXResourcesBuildPhase section */
		D6EF483C2737B52B00CEDCA9 /* Resources */ = {
			isa = PBXResourcesBuildPhase;
			buildActionMask = 2147483647;
			files = (
				D6EF486F2737B52B00CEDCA9 /* Icon.png in Resources */,
				D6EF48472737B52B00CEDCA9 /* LaunchScreen.storyboard in Resources */,
				D6EF486D2737B52B00CEDCA9 /* Main.html in Resources */,
				D6EF48732737B52B00CEDCA9 /* Script.js in Resources */,
				D6EF48772737B52B00CEDCA9 /* Assets.xcassets in Resources */,
				D6EF484A2737B52B00CEDCA9 /* Main.storyboard in Resources */,
				D6EF48712737B52B00CEDCA9 /* Style.css in Resources */,
			);
			runOnlyForDeploymentPostprocessing = 0;
		};
		D6EF484E2737B52B00CEDCA9 /* Resources */ = {
			isa = PBXResourcesBuildPhase;
			buildActionMask = 2147483647;
			files = (
				D6EF48702737B52B00CEDCA9 /* Icon.png in Resources */,
				D6EF48722737B52B00CEDCA9 /* Style.css in Resources */,
				D6EF48562737B52B00CEDCA9 /* Main.storyboard in Resources */,
				D6EF48742737B52B00CEDCA9 /* Script.js in Resources */,
				D6EF48782737B52B00CEDCA9 /* Assets.xcassets in Resources */,
				D6EF486E2737B52B00CEDCA9 /* Main.html in Resources */,
			);
			runOnlyForDeploymentPostprocessing = 0;
		};
		D6EF485A2737B52B00CEDCA9 /* Resources */ = {
			isa = PBXResourcesBuildPhase;
			buildActionMask = 2147483647;
			files = (
				D6EF48812737B52B00CEDCA9 /* background.js in Resources */,
				D6EF48872737B52B00CEDCA9 /* popup.css in Resources */,
				D6EF48852737B52B00CEDCA9 /* popup.html in Resources */,
				D6EF487D2737B52B00CEDCA9 /* images in Resources */,
				D6EF487F2737B52B00CEDCA9 /* manifest.json in Resources */,
				D6EF487B2737B52B00CEDCA9 /* _locales in Resources */,
				D6EF48832737B52B00CEDCA9 /* content.js in Resources */,
				D6EF48892737B52B00CEDCA9 /* popup.js in Resources */,
			);
			runOnlyForDeploymentPostprocessing = 0;
		};
		D6EF48642737B52B00CEDCA9 /* Resources */ = {
			isa = PBXResourcesBuildPhase;
			buildActionMask = 2147483647;
			files = (
				D6EF48822737B52B00CEDCA9 /* background.js in Resources */,
				D6EF48882737B52B00CEDCA9 /* popup.css in Resources */,
				D6EF48862737B52B00CEDCA9 /* popup.html in Resources */,
				D6EF487E2737B52B00CEDCA9 /* images in Resources */,
				D6EF48802737B52B00CEDCA9 /* manifest.json in Resources */,
				D6EF487C2737B52B00CEDCA9 /* _locales in Resources */,
				D6EF48842737B52B00CEDCA9 /* content.js in Resources */,
				D6EF488A2737B52B00CEDCA9 /* popup.js in Resources */,
			);
			runOnlyForDeploymentPostprocessing = 0;
		};
/* End PBXResourcesBuildPhase section */

/* Begin PBXSourcesBuildPhase section */
		D6EF483A2737B52B00CEDCA9 /* Sources */ = {
			isa = PBXSourcesBuildPhase;
			buildActionMask = 2147483647;
			files = (
				D6EF48752737B52B00CEDCA9 /* ViewController.swift in Sources */,
				D6EF48422737B52B00CEDCA9 /* AppDelegate.swift in Sources */,
				D6EF48442737B52B00CEDCA9 /* SceneDelegate.swift in Sources */,
			);
			runOnlyForDeploymentPostprocessing = 0;
		};
		D6EF484C2737B52B00CEDCA9 /* Sources */ = {
			isa = PBXSourcesBuildPhase;
			buildActionMask = 2147483647;
			files = (
				D6EF48762737B52B00CEDCA9 /* ViewController.swift in Sources */,
				D6EF48532737B52B00CEDCA9 /* AppDelegate.swift in Sources */,
			);
			runOnlyForDeploymentPostprocessing = 0;
		};
		D6EF48582737B52B00CEDCA9 /* Sources */ = {
			isa = PBXSourcesBuildPhase;
			buildActionMask = 2147483647;
			files = (
				D6EF48792737B52B00CEDCA9 /* SafariWebExtensionHandler.swift in Sources */,
			);
			runOnlyForDeploymentPostprocessing = 0;
		};
		D6EF48622737B52B00CEDCA9 /* Sources */ = {
			isa = PBXSourcesBuildPhase;
			buildActionMask = 2147483647;
			files = (
				D6EF487A2737B52B00CEDCA9 /* SafariWebExtensionHandler.swift in Sources */,
			);
			runOnlyForDeploymentPostprocessing = 0;
		};
/* End PBXSourcesBuildPhase section */

/* Begin PBXTargetDependency section */
		D6EF485F2737B52B00CEDCA9 /* PBXTargetDependency */ = {
			isa = PBXTargetDependency;
			target = D6EF485B2737B52B00CEDCA9 /* Gitpod Extension (iOS) */;
			targetProxy = D6EF485E2737B52B00CEDCA9 /* PBXContainerItemProxy */;
		};
		D6EF48692737B52B00CEDCA9 /* PBXTargetDependency */ = {
			isa = PBXTargetDependency;
			target = D6EF48652737B52B00CEDCA9 /* Gitpod Extension (macOS) */;
			targetProxy = D6EF48682737B52B00CEDCA9 /* PBXContainerItemProxy */;
		};
/* End PBXTargetDependency section */

/* Begin PBXVariantGroup section */
		D6EF48282737B52A00CEDCA9 /* Main.html */ = {
			isa = PBXVariantGroup;
			children = (
				D6EF48292737B52A00CEDCA9 /* Base */,
			);
			name = Main.html;
			sourceTree = "<group>";
		};
		D6EF48452737B52B00CEDCA9 /* LaunchScreen.storyboard */ = {
			isa = PBXVariantGroup;
			children = (
				D6EF48462737B52B00CEDCA9 /* Base */,
			);
			name = LaunchScreen.storyboard;
			sourceTree = "<group>";
		};
		D6EF48482737B52B00CEDCA9 /* Main.storyboard */ = {
			isa = PBXVariantGroup;
			children = (
				D6EF48492737B52B00CEDCA9 /* Base */,
			);
			name = Main.storyboard;
			sourceTree = "<group>";
		};
		D6EF48542737B52B00CEDCA9 /* Main.storyboard */ = {
			isa = PBXVariantGroup;
			children = (
				D6EF48552737B52B00CEDCA9 /* Base */,
			);
			name = Main.storyboard;
			sourceTree = "<group>";
		};
/* End PBXVariantGroup section */

/* Begin XCBuildConfiguration section */
		D6EF488B2737B52B00CEDCA9 /* Debug */ = {
			isa = XCBuildConfiguration;
			buildSettings = {
				ALWAYS_SEARCH_USER_PATHS = NO;
				CLANG_ANALYZER_NONNULL = YES;
				CLANG_ANALYZER_NUMBER_OBJECT_CONVERSION = YES_AGGRESSIVE;
				CLANG_CXX_LANGUAGE_STANDARD = "gnu++17";
				CLANG_CXX_LIBRARY = "libc++";
				CLANG_ENABLE_MODULES = YES;
				CLANG_ENABLE_OBJC_ARC = YES;
				CLANG_ENABLE_OBJC_WEAK = YES;
				CLANG_WARN_BLOCK_CAPTURE_AUTORELEASING = YES;
				CLANG_WARN_BOOL_CONVERSION = YES;
				CLANG_WARN_COMMA = YES;
				CLANG_WARN_CONSTANT_CONVERSION = YES;
				CLANG_WARN_DEPRECATED_OBJC_IMPLEMENTATIONS = YES;
				CLANG_WARN_DIRECT_OBJC_ISA_USAGE = YES_ERROR;
				CLANG_WARN_DOCUMENTATION_COMMENTS = YES;
				CLANG_WARN_EMPTY_BODY = YES;
				CLANG_WARN_ENUM_CONVERSION = YES;
				CLANG_WARN_INFINITE_RECURSION = YES;
				CLANG_WARN_INT_CONVERSION = YES;
				CLANG_WARN_NON_LITERAL_NULL_CONVERSION = YES;
				CLANG_WARN_OBJC_IMPLICIT_RETAIN_SELF = YES;
				CLANG_WARN_OBJC_LITERAL_CONVERSION = YES;
				CLANG_WARN_OBJC_ROOT_CLASS = YES_ERROR;
				CLANG_WARN_QUOTED_INCLUDE_IN_FRAMEWORK_HEADER = YES;
				CLANG_WARN_RANGE_LOOP_ANALYSIS = YES;
				CLANG_WARN_STRICT_PROTOTYPES = YES;
				CLANG_WARN_SUSPICIOUS_MOVE = YES;
				CLANG_WARN_UNGUARDED_AVAILABILITY = YES_AGGRESSIVE;
				CLANG_WARN_UNREACHABLE_CODE = YES;
				CLANG_WARN__DUPLICATE_METHOD_MATCH = YES;
				COPY_PHASE_STRIP = NO;
				DEBUG_INFORMATION_FORMAT = dwarf;
				ENABLE_STRICT_OBJC_MSGSEND = YES;
				ENABLE_TESTABILITY = YES;
				GCC_C_LANGUAGE_STANDARD = gnu11;
				GCC_DYNAMIC_NO_PIC = NO;
				GCC_NO_COMMON_BLOCKS = YES;
				GCC_OPTIMIZATION_LEVEL = 0;
				GCC_PREPROCESSOR_DEFINITIONS = (
					"DEBUG=1",
					"$(inherited)",
				);
				GCC_WARN_64_TO_32_BIT_CONVERSION = YES;
				GCC_WARN_ABOUT_RETURN_TYPE = YES_ERROR;
				GCC_WARN_UNDECLARED_SELECTOR = YES;
				GCC_WARN_UNINITIALIZED_AUTOS = YES_AGGRESSIVE;
				GCC_WARN_UNUSED_FUNCTION = YES;
				GCC_WARN_UNUSED_VARIABLE = YES;
				MTL_ENABLE_DEBUG_INFO = INCLUDE_SOURCE;
				MTL_FAST_MATH = YES;
				ONLY_ACTIVE_ARCH = YES;
				SWIFT_ACTIVE_COMPILATION_CONDITIONS = DEBUG;
				SWIFT_OPTIMIZATION_LEVEL = "-Onone";
			};
			name = Debug;
		};
		D6EF488C2737B52B00CEDCA9 /* Release */ = {
			isa = XCBuildConfiguration;
			buildSettings = {
				ALWAYS_SEARCH_USER_PATHS = NO;
				CLANG_ANALYZER_NONNULL = YES;
				CLANG_ANALYZER_NUMBER_OBJECT_CONVERSION = YES_AGGRESSIVE;
				CLANG_CXX_LANGUAGE_STANDARD = "gnu++17";
				CLANG_CXX_LIBRARY = "libc++";
				CLANG_ENABLE_MODULES = YES;
				CLANG_ENABLE_OBJC_ARC = YES;
				CLANG_ENABLE_OBJC_WEAK = YES;
				CLANG_WARN_BLOCK_CAPTURE_AUTORELEASING = YES;
				CLANG_WARN_BOOL_CONVERSION = YES;
				CLANG_WARN_COMMA = YES;
				CLANG_WARN_CONSTANT_CONVERSION = YES;
				CLANG_WARN_DEPRECATED_OBJC_IMPLEMENTATIONS = YES;
				CLANG_WARN_DIRECT_OBJC_ISA_USAGE = YES_ERROR;
				CLANG_WARN_DOCUMENTATION_COMMENTS = YES;
				CLANG_WARN_EMPTY_BODY = YES;
				CLANG_WARN_ENUM_CONVERSION = YES;
				CLANG_WARN_INFINITE_RECURSION = YES;
				CLANG_WARN_INT_CONVERSION = YES;
				CLANG_WARN_NON_LITERAL_NULL_CONVERSION = YES;
				CLANG_WARN_OBJC_IMPLICIT_RETAIN_SELF = YES;
				CLANG_WARN_OBJC_LITERAL_CONVERSION = YES;
				CLANG_WARN_OBJC_ROOT_CLASS = YES_ERROR;
				CLANG_WARN_QUOTED_INCLUDE_IN_FRAMEWORK_HEADER = YES;
				CLANG_WARN_RANGE_LOOP_ANALYSIS = YES;
				CLANG_WARN_STRICT_PROTOTYPES = YES;
				CLANG_WARN_SUSPICIOUS_MOVE = YES;
				CLANG_WARN_UNGUARDED_AVAILABILITY = YES_AGGRESSIVE;
				CLANG_WARN_UNREACHABLE_CODE = YES;
				CLANG_WARN__DUPLICATE_METHOD_MATCH = YES;
				COPY_PHASE_STRIP = NO;
				DEBUG_INFORMATION_FORMAT = "dwarf-with-dsym";
				ENABLE_NS_ASSERTIONS = NO;
				ENABLE_STRICT_OBJC_MSGSEND = YES;
				GCC_C_LANGUAGE_STANDARD = gnu11;
				GCC_NO_COMMON_BLOCKS = YES;
				GCC_WARN_64_TO_32_BIT_CONVERSION = YES;
				GCC_WARN_ABOUT_RETURN_TYPE = YES_ERROR;
				GCC_WARN_UNDECLARED_SELECTOR = YES;
				GCC_WARN_UNINITIALIZED_AUTOS = YES_AGGRESSIVE;
				GCC_WARN_UNUSED_FUNCTION = YES;
				GCC_WARN_UNUSED_VARIABLE = YES;
				MTL_ENABLE_DEBUG_INFO = NO;
				MTL_FAST_MATH = YES;
				SWIFT_COMPILATION_MODE = wholemodule;
				SWIFT_OPTIMIZATION_LEVEL = "-O";
			};
			name = Release;
		};
		D6EF488E2737B52B00CEDCA9 /* Debug */ = {
			isa = XCBuildConfiguration;
			buildSettings = {
				CODE_SIGN_STYLE = Automatic;
				CURRENT_PROJECT_VERSION = 1;
				GENERATE_INFOPLIST_FILE = YES;
				INFOPLIST_FILE = "iOS (Extension)/Info.plist";
				INFOPLIST_KEY_CFBundleDisplayName = "Gitpod Extension";
				INFOPLIST_KEY_NSHumanReadableCopyright = "";
				IPHONEOS_DEPLOYMENT_TARGET = 15.0;
				LD_RUNPATH_SEARCH_PATHS = (
					"$(inherited)",
					"@executable_path/Frameworks",
					"@executable_path/../../Frameworks",
				);
				MARKETING_VERSION = 1.0;
				OTHER_LDFLAGS = (
					"-framework",
					SafariServices,
				);
				PRODUCT_BUNDLE_IDENTIFIER = io.gitpod.Gitpod.Extension;
				PRODUCT_NAME = "Gitpod Extension";
				SDKROOT = iphoneos;
				SKIP_INSTALL = YES;
				SWIFT_EMIT_LOC_STRINGS = YES;
				SWIFT_VERSION = 5.0;
				TARGETED_DEVICE_FAMILY = "1,2";
			};
			name = Debug;
		};
		D6EF488F2737B52B00CEDCA9 /* Release */ = {
			isa = XCBuildConfiguration;
			buildSettings = {
				CODE_SIGN_STYLE = Automatic;
				CURRENT_PROJECT_VERSION = 1;
				GENERATE_INFOPLIST_FILE = YES;
				INFOPLIST_FILE = "iOS (Extension)/Info.plist";
				INFOPLIST_KEY_CFBundleDisplayName = "Gitpod Extension";
				INFOPLIST_KEY_NSHumanReadableCopyright = "";
				IPHONEOS_DEPLOYMENT_TARGET = 15.0;
				LD_RUNPATH_SEARCH_PATHS = (
					"$(inherited)",
					"@executable_path/Frameworks",
					"@executable_path/../../Frameworks",
				);
				MARKETING_VERSION = 1.0;
				OTHER_LDFLAGS = (
					"-framework",
					SafariServices,
				);
				PRODUCT_BUNDLE_IDENTIFIER = io.gitpod.Gitpod.Extension;
				PRODUCT_NAME = "Gitpod Extension";
				SDKROOT = iphoneos;
				SKIP_INSTALL = YES;
				SWIFT_EMIT_LOC_STRINGS = YES;
				SWIFT_VERSION = 5.0;
				TARGETED_DEVICE_FAMILY = "1,2";
				VALIDATE_PRODUCT = YES;
			};
			name = Release;
		};
		D6EF48922737B52B00CEDCA9 /* Debug */ = {
			isa = XCBuildConfiguration;
			buildSettings = {
				ALWAYS_EMBED_SWIFT_STANDARD_LIBRARIES = YES;
				ASSETCATALOG_COMPILER_APPICON_NAME = AppIcon;
				ASSETCATALOG_COMPILER_GLOBAL_ACCENT_COLOR_NAME = AccentColor;
				CODE_SIGN_STYLE = Automatic;
				CURRENT_PROJECT_VERSION = 1;
				GENERATE_INFOPLIST_FILE = YES;
				INFOPLIST_FILE = "iOS (App)/Info.plist";
				INFOPLIST_KEY_CFBundleDisplayName = Gitpod;
				INFOPLIST_KEY_UIApplicationSupportsIndirectInputEvents = YES;
				INFOPLIST_KEY_UILaunchStoryboardName = LaunchScreen;
				INFOPLIST_KEY_UIMainStoryboardFile = Main;
				INFOPLIST_KEY_UISupportedInterfaceOrientations = "UIInterfaceOrientationPortrait UIInterfaceOrientationLandscapeLeft UIInterfaceOrientationLandscapeRight";
				INFOPLIST_KEY_UISupportedInterfaceOrientations_iPad = "UIInterfaceOrientationPortrait UIInterfaceOrientationPortraitUpsideDown UIInterfaceOrientationLandscapeLeft UIInterfaceOrientationLandscapeRight";
				IPHONEOS_DEPLOYMENT_TARGET = 15.0;
				LD_RUNPATH_SEARCH_PATHS = (
					"$(inherited)",
					"@executable_path/Frameworks",
				);
				MARKETING_VERSION = 1.0;
				OTHER_LDFLAGS = (
					"-framework",
					SafariServices,
					"-framework",
					WebKit,
				);
				PRODUCT_BUNDLE_IDENTIFIER = io.gitpod.Gitpod;
				PRODUCT_NAME = Gitpod;
				SDKROOT = iphoneos;
				SWIFT_EMIT_LOC_STRINGS = YES;
				SWIFT_VERSION = 5.0;
				TARGETED_DEVICE_FAMILY = "1,2";
			};
			name = Debug;
		};
		D6EF48932737B52B00CEDCA9 /* Release */ = {
			isa = XCBuildConfiguration;
			buildSettings = {
				ALWAYS_EMBED_SWIFT_STANDARD_LIBRARIES = YES;
				ASSETCATALOG_COMPILER_APPICON_NAME = AppIcon;
				ASSETCATALOG_COMPILER_GLOBAL_ACCENT_COLOR_NAME = AccentColor;
				CODE_SIGN_STYLE = Automatic;
				CURRENT_PROJECT_VERSION = 1;
				GENERATE_INFOPLIST_FILE = YES;
				INFOPLIST_FILE = "iOS (App)/Info.plist";
				INFOPLIST_KEY_CFBundleDisplayName = Gitpod;
				INFOPLIST_KEY_UIApplicationSupportsIndirectInputEvents = YES;
				INFOPLIST_KEY_UILaunchStoryboardName = LaunchScreen;
				INFOPLIST_KEY_UIMainStoryboardFile = Main;
				INFOPLIST_KEY_UISupportedInterfaceOrientations = "UIInterfaceOrientationPortrait UIInterfaceOrientationLandscapeLeft UIInterfaceOrientationLandscapeRight";
				INFOPLIST_KEY_UISupportedInterfaceOrientations_iPad = "UIInterfaceOrientationPortrait UIInterfaceOrientationPortraitUpsideDown UIInterfaceOrientationLandscapeLeft UIInterfaceOrientationLandscapeRight";
				IPHONEOS_DEPLOYMENT_TARGET = 15.0;
				LD_RUNPATH_SEARCH_PATHS = (
					"$(inherited)",
					"@executable_path/Frameworks",
				);
				MARKETING_VERSION = 1.0;
				OTHER_LDFLAGS = (
					"-framework",
					SafariServices,
					"-framework",
					WebKit,
				);
				PRODUCT_BUNDLE_IDENTIFIER = io.gitpod.Gitpod;
				PRODUCT_NAME = Gitpod;
				SDKROOT = iphoneos;
				SWIFT_EMIT_LOC_STRINGS = YES;
				SWIFT_VERSION = 5.0;
				TARGETED_DEVICE_FAMILY = "1,2";
				VALIDATE_PRODUCT = YES;
			};
			name = Release;
		};
		D6EF48952737B52B00CEDCA9 /* Debug */ = {
			isa = XCBuildConfiguration;
			buildSettings = {
				CODE_SIGN_ENTITLEMENTS = "macOS (Extension)/Gitpod.entitlements";
				CODE_SIGN_STYLE = Automatic;
				CURRENT_PROJECT_VERSION = 1;
				ENABLE_HARDENED_RUNTIME = YES;
				GENERATE_INFOPLIST_FILE = YES;
				INFOPLIST_FILE = "macOS (Extension)/Info.plist";
				INFOPLIST_KEY_CFBundleDisplayName = "Gitpod Extension";
				INFOPLIST_KEY_NSHumanReadableCopyright = "";
				LD_RUNPATH_SEARCH_PATHS = (
					"$(inherited)",
					"@executable_path/../Frameworks",
					"@executable_path/../../../../Frameworks",
				);
				MACOSX_DEPLOYMENT_TARGET = 10.14;
				MARKETING_VERSION = 1.0;
				OTHER_LDFLAGS = (
					"-framework",
					SafariServices,
				);
				PRODUCT_BUNDLE_IDENTIFIER = io.gitpod.Gitpod.Extension;
				PRODUCT_NAME = "Gitpod Extension";
				SDKROOT = macosx;
				SKIP_INSTALL = YES;
				SWIFT_EMIT_LOC_STRINGS = YES;
				SWIFT_VERSION = 5.0;
			};
			name = Debug;
		};
		D6EF48962737B52B00CEDCA9 /* Release */ = {
			isa = XCBuildConfiguration;
			buildSettings = {
				CODE_SIGN_ENTITLEMENTS = "macOS (Extension)/Gitpod.entitlements";
				CODE_SIGN_STYLE = Automatic;
				CURRENT_PROJECT_VERSION = 1;
				ENABLE_HARDENED_RUNTIME = YES;
				GENERATE_INFOPLIST_FILE = YES;
				INFOPLIST_FILE = "macOS (Extension)/Info.plist";
				INFOPLIST_KEY_CFBundleDisplayName = "Gitpod Extension";
				INFOPLIST_KEY_NSHumanReadableCopyright = "";
				LD_RUNPATH_SEARCH_PATHS = (
					"$(inherited)",
					"@executable_path/../Frameworks",
					"@executable_path/../../../../Frameworks",
				);
				MACOSX_DEPLOYMENT_TARGET = 10.14;
				MARKETING_VERSION = 1.0;
				OTHER_LDFLAGS = (
					"-framework",
					SafariServices,
				);
				PRODUCT_BUNDLE_IDENTIFIER = io.gitpod.Gitpod.Extension;
				PRODUCT_NAME = "Gitpod Extension";
				SDKROOT = macosx;
				SKIP_INSTALL = YES;
				SWIFT_EMIT_LOC_STRINGS = YES;
				SWIFT_VERSION = 5.0;
			};
			name = Release;
		};
		D6EF48992737B52B00CEDCA9 /* Debug */ = {
			isa = XCBuildConfiguration;
			buildSettings = {
				ALWAYS_EMBED_SWIFT_STANDARD_LIBRARIES = YES;
				ASSETCATALOG_COMPILER_APPICON_NAME = AppIcon;
				ASSETCATALOG_COMPILER_GLOBAL_ACCENT_COLOR_NAME = AccentColor;
				CODE_SIGN_ENTITLEMENTS = "macOS (App)/Gitpod.entitlements";
				CODE_SIGN_STYLE = Automatic;
				CURRENT_PROJECT_VERSION = 1;
				ENABLE_HARDENED_RUNTIME = YES;
				GENERATE_INFOPLIST_FILE = YES;
				INFOPLIST_KEY_CFBundleDisplayName = Gitpod;
				INFOPLIST_KEY_NSMainStoryboardFile = Main;
				INFOPLIST_KEY_NSPrincipalClass = NSApplication;
				LD_RUNPATH_SEARCH_PATHS = (
					"$(inherited)",
					"@executable_path/../Frameworks",
				);
				MACOSX_DEPLOYMENT_TARGET = 10.14;
				MARKETING_VERSION = 1.0;
				OTHER_LDFLAGS = (
					"-framework",
					SafariServices,
					"-framework",
					WebKit,
				);
				PRODUCT_BUNDLE_IDENTIFIER = io.gitpod.Gitpod;
				PRODUCT_NAME = Gitpod;
				SDKROOT = macosx;
				SWIFT_EMIT_LOC_STRINGS = YES;
				SWIFT_VERSION = 5.0;
			};
			name = Debug;
		};
		D6EF489A2737B52B00CEDCA9 /* Release */ = {
			isa = XCBuildConfiguration;
			buildSettings = {
				ALWAYS_EMBED_SWIFT_STANDARD_LIBRARIES = YES;
				ASSETCATALOG_COMPILER_APPICON_NAME = AppIcon;
				ASSETCATALOG_COMPILER_GLOBAL_ACCENT_COLOR_NAME = AccentColor;
				CODE_SIGN_ENTITLEMENTS = "macOS (App)/Gitpod.entitlements";
				CODE_SIGN_STYLE = Automatic;
				CURRENT_PROJECT_VERSION = 1;
				ENABLE_HARDENED_RUNTIME = YES;
				GENERATE_INFOPLIST_FILE = YES;
				INFOPLIST_KEY_CFBundleDisplayName = Gitpod;
				INFOPLIST_KEY_NSMainStoryboardFile = Main;
				INFOPLIST_KEY_NSPrincipalClass = NSApplication;
				LD_RUNPATH_SEARCH_PATHS = (
					"$(inherited)",
					"@executable_path/../Frameworks",
				);
				MACOSX_DEPLOYMENT_TARGET = 10.14;
				MARKETING_VERSION = 1.0;
				OTHER_LDFLAGS = (
					"-framework",
					SafariServices,
					"-framework",
					WebKit,
				);
				PRODUCT_BUNDLE_IDENTIFIER = io.gitpod.Gitpod;
				PRODUCT_NAME = Gitpod;
				SDKROOT = macosx;
				SWIFT_EMIT_LOC_STRINGS = YES;
				SWIFT_VERSION = 5.0;
			};
			name = Release;
		};
/* End XCBuildConfiguration section */

/* Begin XCConfigurationList section */
		D6EF48252737B52A00CEDCA9 /* Build configuration list for PBXProject "Gitpod" */ = {
			isa = XCConfigurationList;
			buildConfigurations = (
				D6EF488B2737B52B00CEDCA9 /* Debug */,
				D6EF488C2737B52B00CEDCA9 /* Release */,
			);
			defaultConfigurationIsVisible = 0;
			defaultConfigurationName = Release;
		};
		D6EF488D2737B52B00CEDCA9 /* Build configuration list for PBXNativeTarget "Gitpod Extension (iOS)" */ = {
			isa = XCConfigurationList;
			buildConfigurations = (
				D6EF488E2737B52B00CEDCA9 /* Debug */,
				D6EF488F2737B52B00CEDCA9 /* Release */,
			);
			defaultConfigurationIsVisible = 0;
			defaultConfigurationName = Release;
		};
		D6EF48912737B52B00CEDCA9 /* Build configuration list for PBXNativeTarget "Gitpod (iOS)" */ = {
			isa = XCConfigurationList;
			buildConfigurations = (
				D6EF48922737B52B00CEDCA9 /* Debug */,
				D6EF48932737B52B00CEDCA9 /* Release */,
			);
			defaultConfigurationIsVisible = 0;
			defaultConfigurationName = Release;
		};
		D6EF48942737B52B00CEDCA9 /* Build configuration list for PBXNativeTarget "Gitpod Extension (macOS)" */ = {
			isa = XCConfigurationList;
			buildConfigurations = (
				D6EF48952737B52B00CEDCA9 /* Debug */,
				D6EF48962737B52B00CEDCA9 /* Release */,
			);
			defaultConfigurationIsVisible = 0;
			defaultConfigurationName = Release;
		};
		D6EF48982737B52B00CEDCA9 /* Build configuration list for PBXNativeTarget "Gitpod (macOS)" */ = {
			isa = XCConfigurationList;
			buildConfigurations = (
				D6EF48992737B52B00CEDCA9 /* Debug */,
				D6EF489A2737B52B00CEDCA9 /* Release */,
			);
			defaultConfigurationIsVisible = 0;
			defaultConfigurationName = Release;
		};
/* End XCConfigurationList section */
	};
	rootObject = D6EF48222737B52A00CEDCA9 /* Project object */;
}
